
Microsoft Visual Studio Solution File, Format Version 12.00
# Visual Studio Version 16
VisualStudioVersion = 16.0.29709.97
MinimumVisualStudioVersion = 10.0.40219.1
Project("{FAE04EC0-301F-11D3-BF4B-00C04F79EFBC}") = "proyecto", "proyecto.csproj", "{D9200C69-B802-4F53-B901-BD6D6410EEF2}"
EndProject
Project("{FAE04EC0-301F-11D3-BF4B-00C04F79EFBC}") = "proyecto.modelo", "..\proyecto.modelo\proyecto.modelo.csproj", "{67CD633D-5A91-4F43-947C-7F0858186822}"
EndProject
Project("{FAE04EC0-301F-11D3-BF4B-00C04F79EFBC}") = "proyecto.negocio", "..\proyecto.negocio\proyecto.negocio.csproj", "{54E0DE21-9D23-4DA8-A977-71E743E4FF4F}"
EndProject
Global
	GlobalSection(SolutionConfigurationPlatforms) = preSolution
		Debug|Any CPU = Debug|Any CPU
		Release|Any CPU = Release|Any CPU
	EndGlobalSection
	GlobalSection(ProjectConfigurationPlatforms) = postSolution
		{D9200C69-B802-4F53-B901-BD6D6410EEF2}.Debug|Any CPU.ActiveCfg = Debug|Any CPU
		{D9200C69-B802-4F53-B901-BD6D6410EEF2}.Debug|Any CPU.Build.0 = Debug|Any CPU
		{D9200C69-B802-4F53-B901-BD6D6410EEF2}.Release|Any CPU.ActiveCfg = Release|Any CPU
		{D9200C69-B802-4F53-B901-BD6D6410EEF2}.Release|Any CPU.Build.0 = Release|Any CPU
		{67CD633D-5A91-4F43-947C-7F0858186822}.Debug|Any CPU.ActiveCfg = Debug|Any CPU
		{67CD633D-5A91-4F43-947C-7F0858186822}.Debug|Any CPU.Build.0 = Debug|Any CPU
		{67CD633D-5A91-4F43-947C-7F0858186822}.Release|Any CPU.ActiveCfg = Release|Any CPU
		{67CD633D-5A91-4F43-947C-7F0858186822}.Release|Any CPU.Build.0 = Release|Any CPU
		{54E0DE21-9D23-4DA8-A977-71E743E4FF4F}.Debug|Any CPU.ActiveCfg = Debug|Any CPU
		{54E0DE21-9D23-4DA8-A977-71E743E4FF4F}.Debug|Any CPU.Build.0 = Debug|Any CPU
		{54E0DE21-9D23-4DA8-A977-71E743E4FF4F}.Release|Any CPU.ActiveCfg = Release|Any CPU
		{54E0DE21-9D23-4DA8-A977-71E743E4FF4F}.Release|Any CPU.Build.0 = Release|Any CPU
	EndGlobalSection
	GlobalSection(SolutionProperties) = preSolution
		HideSolutionNode = FALSE
	EndGlobalSection
	GlobalSection(ExtensibilityGlobals) = postSolution
		SolutionGuid = {7C2B4156-F61B-48B3-8A56-7321E27E9099}
	EndGlobalSection
EndGlobal
